
Microsoft Visual Studio Solution File, Format Version 12.00
# Visual Studio Version 17
VisualStudioVersion = 17.0.31903.59
MinimumVisualStudioVersion = 10.0.40219.1
Project("{2150E333-8FDC-42A3-9474-1A3956D46DE8}") = "src", "src", "{827E0CD3-B72D-47B6-A68D-7590B98EB39B}"
EndProject
Project("{FAE04EC0-301F-11D3-BF4B-00C04F79EFBC}") = "PlateauResoniteLink.Cli", "src\PlateauResoniteLink.Cli\PlateauResoniteLink.Cli.csproj", "{5DA0EA5F-F961-48AA-B1BB-FD74C4CE1623}"
EndProject
Project("{2150E333-8FDC-42A3-9474-1A3956D46DE8}") = "tests", "tests", "{0AB3BF05-4346-4AA6-1389-037BE0695223}"
EndProject
Project("{FAE04EC0-301F-11D3-BF4B-00C04F79EFBC}") = "PlateauResoniteLink.Tests", "tests\PlateauResoniteLink.Tests\PlateauResoniteLink.Tests.csproj", "{882F2BCC-8434-4223-89B4-DA4D2856BC09}"
EndProject
Project("{FAE04EC0-301F-11D3-BF4B-00C04F79EFBC}") = "PlateauResoniteLink.Core", "src\PlateauResoniteLink.Core\PlateauResoniteLink.Core.csproj", "{43F66DED-1F4A-4F6B-A24D-F20E63BC18F5}"
EndProject
Project("{FAE04EC0-301F-11D3-BF4B-00C04F79EFBC}") = "PlateauResoniteLink.Plateau", "src\PlateauResoniteLink.Plateau\PlateauResoniteLink.Plateau.csproj", "{99E7CAE9-19BF-40C1-B8D6-5EFFB225AFEB}"
EndProject
Project("{FAE04EC0-301F-11D3-BF4B-00C04F79EFBC}") = "PlateauResoniteLink.Resonite", "src\PlateauResoniteLink.Resonite\PlateauResoniteLink.Resonite.csproj", "{7C39114C-E97F-4AC0-8B9E-A5499C052115}"
EndProject
Global
	GlobalSection(SolutionConfigurationPlatforms) = preSolution
		Debug|Any CPU = Debug|Any CPU
		Debug|x64 = Debug|x64
		Debug|x86 = Debug|x86
		Release|Any CPU = Release|Any CPU
		Release|x64 = Release|x64
		Release|x86 = Release|x86
	EndGlobalSection
	GlobalSection(ProjectConfigurationPlatforms) = postSolution
		{5DA0EA5F-F961-48AA-B1BB-FD74C4CE1623}.Debug|Any CPU.ActiveCfg = Debug|Any CPU
		{5DA0EA5F-F961-48AA-B1BB-FD74C4CE1623}.Debug|Any CPU.Build.0 = Debug|Any CPU
		{5DA0EA5F-F961-48AA-B1BB-FD74C4CE1623}.Debug|x64.ActiveCfg = Debug|Any CPU
		{5DA0EA5F-F961-48AA-B1BB-FD74C4CE1623}.Debug|x64.Build.0 = Debug|Any CPU
		{5DA0EA5F-F961-48AA-B1BB-FD74C4CE1623}.Debug|x86.ActiveCfg = Debug|Any CPU
		{5DA0EA5F-F961-48AA-B1BB-FD74C4CE1623}.Debug|x86.Build.0 = Debug|Any CPU
		{5DA0EA5F-F961-48AA-B1BB-FD74C4CE1623}.Release|Any CPU.ActiveCfg = Release|Any CPU
		{5DA0EA5F-F961-48AA-B1BB-FD74C4CE1623}.Release|Any CPU.Build.0 = Release|Any CPU
		{5DA0EA5F-F961-48AA-B1BB-FD74C4CE1623}.Release|x64.ActiveCfg = Release|Any CPU
		{5DA0EA5F-F961-48AA-B1BB-FD74C4CE1623}.Release|x64.Build.0 = Release|Any CPU
		{5DA0EA5F-F961-48AA-B1BB-FD74C4CE1623}.Release|x86.ActiveCfg = Release|Any CPU
		{5DA0EA5F-F961-48AA-B1BB-FD74C4CE1623}.Release|x86.Build.0 = Release|Any CPU
		{882F2BCC-8434-4223-89B4-DA4D2856BC09}.Debug|Any CPU.ActiveCfg = Debug|Any CPU
		{882F2BCC-8434-4223-89B4-DA4D2856BC09}.Debug|Any CPU.Build.0 = Debug|Any CPU
		{882F2BCC-8434-4223-89B4-DA4D2856BC09}.Debug|x64.ActiveCfg = Debug|Any CPU
		{882F2BCC-8434-4223-89B4-DA4D2856BC09}.Debug|x64.Build.0 = Debug|Any CPU
		{882F2BCC-8434-4223-89B4-DA4D2856BC09}.Debug|x86.ActiveCfg = Debug|Any CPU
		{882F2BCC-8434-4223-89B4-DA4D2856BC09}.Debug|x86.Build.0 = Debug|Any CPU
		{882F2BCC-8434-4223-89B4-DA4D2856BC09}.Release|Any CPU.ActiveCfg = Release|Any CPU
		{882F2BCC-8434-4223-89B4-DA4D2856BC09}.Release|Any CPU.Build.0 = Release|Any CPU
		{882F2BCC-8434-4223-89B4-DA4D2856BC09}.Release|x64.ActiveCfg = Release|Any CPU
		{882F2BCC-8434-4223-89B4-DA4D2856BC09}.Release|x64.Build.0 = Release|Any CPU
		{882F2BCC-8434-4223-89B4-DA4D2856BC09}.Release|x86.ActiveCfg = Release|Any CPU
		{882F2BCC-8434-4223-89B4-DA4D2856BC09}.Release|x86.Build.0 = Release|Any CPU
		{43F66DED-1F4A-4F6B-A24D-F20E63BC18F5}.Debug|Any CPU.ActiveCfg = Debug|Any CPU
		{43F66DED-1F4A-4F6B-A24D-F20E63BC18F5}.Debug|Any CPU.Build.0 = Debug|Any CPU
		{43F66DED-1F4A-4F6B-A24D-F20E63BC18F5}.Debug|x64.ActiveCfg = Debug|Any CPU
		{43F66DED-1F4A-4F6B-A24D-F20E63BC18F5}.Debug|x64.Build.0 = Debug|Any CPU
		{43F66DED-1F4A-4F6B-A24D-F20E63BC18F5}.Debug|x86.ActiveCfg = Debug|Any CPU
		{43F66DED-1F4A-4F6B-A24D-F20E63BC18F5}.Debug|x86.Build.0 = Debug|Any CPU
		{43F66DED-1F4A-4F6B-A24D-F20E63BC18F5}.Release|Any CPU.ActiveCfg = Release|Any CPU
		{43F66DED-1F4A-4F6B-A24D-F20E63BC18F5}.Release|Any CPU.Build.0 = Release|Any CPU
		{43F66DED-1F4A-4F6B-A24D-F20E63BC18F5}.Release|x64.ActiveCfg = Release|Any CPU
		{43F66DED-1F4A-4F6B-A24D-F20E63BC18F5}.Release|x64.Build.0 = Release|Any CPU
		{43F66DED-1F4A-4F6B-A24D-F20E63BC18F5}.Release|x86.ActiveCfg = Release|Any CPU
		{43F66DED-1F4A-4F6B-A24D-F20E63BC18F5}.Release|x86.Build.0 = Release|Any CPU
		{99E7CAE9-19BF-40C1-B8D6-5EFFB225AFEB}.Debug|Any CPU.ActiveCfg = Debug|Any CPU
		{99E7CAE9-19BF-40C1-B8D6-5EFFB225AFEB}.Debug|Any CPU.Build.0 = Debug|Any CPU
		{99E7CAE9-19BF-40C1-B8D6-5EFFB225AFEB}.Debug|x64.ActiveCfg = Debug|Any CPU
		{99E7CAE9-19BF-40C1-B8D6-5EFFB225AFEB}.Debug|x64.Build.0 = Debug|Any CPU
		{99E7CAE9-19BF-40C1-B8D6-5EFFB225AFEB}.Debug|x86.ActiveCfg = Debug|Any CPU
		{99E7CAE9-19BF-40C1-B8D6-5EFFB225AFEB}.Debug|x86.Build.0 = Debug|Any CPU
		{99E7CAE9-19BF-40C1-B8D6-5EFFB225AFEB}.Release|Any CPU.ActiveCfg = Release|Any CPU
		{99E7CAE9-19BF-40C1-B8D6-5EFFB225AFEB}.Release|Any CPU.Build.0 = Release|Any CPU
		{99E7CAE9-19BF-40C1-B8D6-5EFFB225AFEB}.Release|x64.ActiveCfg = Release|Any CPU
		{99E7CAE9-19BF-40C1-B8D6-5EFFB225AFEB}.Release|x64.Build.0 = Release|Any CPU
		{99E7CAE9-19BF-40C1-B8D6-5EFFB225AFEB}.Release|x86.ActiveCfg = Release|Any CPU
		{99E7CAE9-19BF-40C1-B8D6-5EFFB225AFEB}.Release|x86.Build.0 = Release|Any CPU
		{7C39114C-E97F-4AC0-8B9E-A5499C052115}.Debug|Any CPU.ActiveCfg = Debug|Any CPU
		{7C39114C-E97F-4AC0-8B9E-A5499C052115}.Debug|Any CPU.Build.0 = Debug|Any CPU
		{7C39114C-E97F-4AC0-8B9E-A5499C052115}.Debug|x64.ActiveCfg = Debug|Any CPU
		{7C39114C-E97F-4AC0-8B9E-A5499C052115}.Debug|x64.Build.0 = Debug|Any CPU
		{7C39114C-E97F-4AC0-8B9E-A5499C052115}.Debug|x86.ActiveCfg = Debug|Any CPU
		{7C39114C-E97F-4AC0-8B9E-A5499C052115}.Debug|x86.Build.0 = Debug|Any CPU
		{7C39114C-E97F-4AC0-8B9E-A5499C052115}.Release|Any CPU.ActiveCfg = Release|Any CPU
		{7C39114C-E97F-4AC0-8B9E-A5499C052115}.Release|Any CPU.Build.0 = Release|Any CPU
		{7C39114C-E97F-4AC0-8B9E-A5499C052115}.Release|x64.ActiveCfg = Release|Any CPU
		{7C39114C-E97F-4AC0-8B9E-A5499C052115}.Release|x64.Build.0 = Release|Any CPU
		{7C39114C-E97F-4AC0-8B9E-A5499C052115}.Release|x86.ActiveCfg = Release|Any CPU
		{7C39114C-E97F-4AC0-8B9E-A5499C052115}.Release|x86.Build.0 = Release|Any CPU
	EndGlobalSection
	GlobalSection(SolutionProperties) = preSolution
		HideSolutionNode = FALSE
	EndGlobalSection
	GlobalSection(NestedProjects) = preSolution
		{5DA0EA5F-F961-48AA-B1BB-FD74C4CE1623} = {827E0CD3-B72D-47B6-A68D-7590B98EB39B}
		{882F2BCC-8434-4223-89B4-DA4D2856BC09} = {0AB3BF05-4346-4AA6-1389-037BE0695223}
		{43F66DED-1F4A-4F6B-A24D-F20E63BC18F5} = {827E0CD3-B72D-47B6-A68D-7590B98EB39B}
		{99E7CAE9-19BF-40C1-B8D6-5EFFB225AFEB} = {827E0CD3-B72D-47B6-A68D-7590B98EB39B}
		{7C39114C-E97F-4AC0-8B9E-A5499C052115} = {827E0CD3-B72D-47B6-A68D-7590B98EB39B}
	EndGlobalSection
EndGlobal
