{
  "version": 2,
  "dependencies": {
    "net10.0": {
      "GeographicLib.NET": {
        "type": "Direct",
        "requested": "[2.3.2, )",
        "resolved": "2.3.2",
        "contentHash": "b8slF2a3kkTiuU8Ca4C5cDm3/sZRPwcy6GYaDSsdwlqzb1UYm3lL56w/0m5q0kYAgjhC+EE7kBzD72bsJ4uYlw=="
      },
      "LibTessDotNet": {
        "type": "Direct",
        "requested": "[1.1.15, )",
        "resolved": "1.1.15",
        "contentHash": "KuA7N3Nv/lIeawJdQBQJR6oqWD9KETHLbWzBqapwFs+Tby+R5I4crkKujKMm5bXcSuFZ8LNtflFQVadsWCbBjg=="
      },
      "MinVer": {
        "type": "Direct",
        "requested": "[7.0.0, )",
        "resolved": "7.0.0",
        "contentHash": "2lMTCQl5bGP4iv0JNkockPnyllC6eHLz+CoK2ICvalvHod+exXSxueu9hq+zNkU7bZBJf8wMfeRC/Edn8AGmEg=="
      },
      "SharpCompress": {
        "type": "Direct",
        "requested": "[0.47.4, )",
        "resolved": "0.47.4",
        "contentHash": "0s2rmGFLFQED6ERPUtJiT/KoDsrBzsc+qDoVX1XT4HfAiLZCtV6Z9mHfArBgHVpDErl4Pt9M5VTMVQLPUJw5Kg=="
      },
      "plateau.resonitelink.domain": {
        "type": "Project"
      }
    }
  }
}